// !$*UTF8*$!
{
	archiveVersion = 1;
	classes = {
	};
	objectVersion = 46;
	objects = {

/* Begin PBXBuildFile section */
		3FABFDDD1BF0C3450013141F /* AppDelegate.swift in Sources */ = {isa = PBXBuildFile; fileRef = 3FABFDDC1BF0C3450013141F /* AppDelegate.swift */; };
		3FABFDDF1BF0C3450013141F /* ViewController.swift in Sources */ = {isa = PBXBuildFile; fileRef = 3FABFDDE1BF0C3450013141F /* ViewController.swift */; };
		3FABFDE21BF0C3450013141F /* Main.storyboard in Resources */ = {isa = PBXBuildFile; fileRef = 3FABFDE01BF0C3450013141F /* Main.storyboard */; };
		3FABFDE41BF0C3450013141F /* Assets.xcassets in Resources */ = {isa = PBXBuildFile; fileRef = 3FABFDE31BF0C3450013141F /* Assets.xcassets */; };
		3FABFDE71BF0C3450013141F /* LaunchScreen.storyboard in Resources */ = {isa = PBXBuildFile; fileRef = 3FABFDE51BF0C3450013141F /* LaunchScreen.storyboard */; };
		3FABFDF21BF0C3450013141F /* DoOrNotTests.swift in Sources */ = {isa = PBXBuildFile; fileRef = 3FABFDF11BF0C3450013141F /* DoOrNotTests.swift */; };
		3FABFDFD1BF0C3450013141F /* DoOrNotUITests.swift in Sources */ = {isa = PBXBuildFile; fileRef = 3FABFDFC1BF0C3450013141F /* DoOrNotUITests.swift */; };
		3FABFE0B1BF0C4000013141F /* ResultViewController.swift in Sources */ = {isa = PBXBuildFile; fileRef = 3FABFE0A1BF0C4000013141F /* ResultViewController.swift */; };
/* End PBXBuildFile section */

/* Begin PBXContainerItemProxy section */
		3FABFDEE1BF0C3450013141F /* PBXContainerItemProxy */ = {
			isa = PBXContainerItemProxy;
			containerPortal = 3FABFDD11BF0C3450013141F /* Project object */;
			proxyType = 1;
			remoteGlobalIDString = 3FABFDD81BF0C3450013141F;
			remoteInfo = DoOrNot;
		};
		3FABFDF91BF0C3450013141F /* PBXContainerItemProxy */ = {
			isa = PBXContainerItemProxy;
			containerPortal = 3FABFDD11BF0C3450013141F /* Project object */;
			proxyType = 1;
			remoteGlobalIDString = 3FABFDD81BF0C3450013141F;
			remoteInfo = DoOrNot;
		};
/* End PBXContainerItemProxy section */

/* Begin PBXFileReference section */
		3FABFDD91BF0C3450013141F /* DoOrNot.app */ = {isa = PBXFileReference; explicitFileType = wrapper.application; includeInIndex = 0; path = DoOrNot.app; sourceTree = BUILT_PRODUCTS_DIR; };
		3FABFDDC1BF0C3450013141F /* AppDelegate.swift */ = {isa = PBXFileReference; lastKnownFileType = sourcecode.swift; path = AppDelegate.swift; sourceTree = "<group>"; };
		3FABFDDE1BF0C3450013141F /* ViewController.swift */ = {isa = PBXFileReference; lastKnownFileType = sourcecode.swift; path = ViewController.swift; sourceTree = "<group>"; };
		3FABFDE11BF0C3450013141F /* Base */ = {isa = PBXFileReference; lastKnownFileType = file.storyboard; name = Base; path = Base.lproj/Main.storyboard; sourceTree = "<group>"; };
		3FABFDE31BF0C3450013141F /* Assets.xcassets */ = {isa = PBXFileReference; lastKnownFileType = folder.assetcatalog; path = Assets.xcassets; sourceTree = "<group>"; };
		3FABFDE61BF0C3450013141F /* Base */ = {isa = PBXFileReference; lastKnownFileType = file.storyboard; name = Base; path = Base.lproj/LaunchScreen.storyboard; sourceTree = "<group>"; };
		3FABFDE81BF0C3450013141F /* Info.plist */ = {isa = PBXFileReference; lastKnownFileType = text.plist.xml; path = Info.plist; sourceTree = "<group>"; };
		3FABFDED1BF0C3450013141F /* DoOrNotTests.xctest */ = {isa = PBXFileReference; explicitFileType = wrapper.cfbundle; includeInIndex = 0; path = DoOrNotTests.xctest; sourceTree = BUILT_PRODUCTS_DIR; };
		3FABFDF11BF0C3450013141F /* DoOrNotTests.swift */ = {isa = PBXFileReference; lastKnownFileType = sourcecode.swift; path = DoOrNotTests.swift; sourceTree = "<group>"; };
		3FABFDF31BF0C3450013141F /* Info.plist */ = {isa = PBXFileReference; lastKnownFileType = text.plist.xml; path = Info.plist; sourceTree = "<group>"; };
		3FABFDF81BF0C3450013141F /* DoOrNotUITests.xctest */ = {isa = PBXFileReference; explicitFileType = wrapper.cfbundle; includeInIndex = 0; path = DoOrNotUITests.xctest; sourceTree = BUILT_PRODUCTS_DIR; };
		3FABFDFC1BF0C3450013141F /* DoOrNotUITests.swift */ = {isa = PBXFileReference; lastKnownFileType = sourcecode.swift; path = DoOrNotUITests.swift; sourceTree = "<group>"; };
		3FABFDFE1BF0C3450013141F /* Info.plist */ = {isa = PBXFileReference; lastKnownFileType = text.plist.xml; path = Info.plist; sourceTree = "<group>"; };
		3FABFE0A1BF0C4000013141F /* ResultViewController.swift */ = {isa = PBXFileReference; fileEncoding = 4; lastKnownFileType = sourcecode.swift; path = ResultViewController.swift; sourceTree = "<group>"; };
/* End PBXFileReference section */

/* Begin PBXFrameworksBuildPhase section */
		3FABFDD61BF0C3450013141F /* Frameworks */ = {
			isa = PBXFrameworksBuildPhase;
			buildActionMask = 2147483647;
			files = (
			);
			runOnlyForDeploymentPostprocessing = 0;
		};
		3FABFDEA1BF0C3450013141F /* Frameworks */ = {
			isa = PBXFrameworksBuildPhase;
			buildActionMask = 2147483647;
			files = (
			);
			runOnlyForDeploymentPostprocessing = 0;
		};
		3FABFDF51BF0C3450013141F /* Frameworks */ = {
			isa = PBXFrameworksBuildPhase;
			buildActionMask = 2147483647;
			files = (
			);
			runOnlyForDeploymentPostprocessing = 0;
		};
/* End PBXFrameworksBuildPhase section */

/* Begin PBXGroup section */
		3FABFDD01BF0C3450013141F = {
			isa = PBXGroup;
			children = (
				3FABFDDB1BF0C3450013141F /* DoOrNot */,
				3FABFDF01BF0C3450013141F /* DoOrNotTests */,
				3FABFDFB1BF0C3450013141F /* DoOrNotUITests */,
				3FABFDDA1BF0C3450013141F /* Products */,
			);
			sourceTree = "<group>";
		};
		3FABFDDA1BF0C3450013141F /* Products */ = {
			isa = PBXGroup;
			children = (
				3FABFDD91BF0C3450013141F /* DoOrNot.app */,
				3FABFDED1BF0C3450013141F /* DoOrNotTests.xctest */,
				3FABFDF81BF0C3450013141F /* DoOrNotUITests.xctest */,
			);
			name = Products;
			sourceTree = "<group>";
		};
		3FABFDDB1BF0C3450013141F /* DoOrNot */ = {
			isa = PBXGroup;
			children = (
				3FABFDDC1BF0C3450013141F /* AppDelegate.swift */,
				3FABFDDE1BF0C3450013141F /* ViewController.swift */,
				3FABFDE01BF0C3450013141F /* Main.storyboard */,
				3FABFDE31BF0C3450013141F /* Assets.xcassets */,
				3FABFDE51BF0C3450013141F /* LaunchScreen.storyboard */,
				3FABFDE81BF0C3450013141F /* Info.plist */,
				3FABFE0A1BF0C4000013141F /* ResultViewController.swift */,
			);
			path = DoOrNot;
			sourceTree = "<group>";
		};
		3FABFDF01BF0C3450013141F /* DoOrNotTests */ = {
			isa = PBXGroup;
			children = (
				3FABFDF11BF0C3450013141F /* DoOrNotTests.swift */,
				3FABFDF31BF0C3450013141F /* Info.plist */,
			);
			path = DoOrNotTests;
			sourceTree = "<group>";
		};
		3FABFDFB1BF0C3450013141F /* DoOrNotUITests */ = {
			isa = PBXGroup;
			children = (
				3FABFDFC1BF0C3450013141F /* DoOrNotUITests.swift */,
				3FABFDFE1BF0C3450013141F /* Info.plist */,
			);
			path = DoOrNotUITests;
			sourceTree = "<group>";
		};
/* End PBXGroup section */

/* Begin PBXNativeTarget section */
		3FABFDD81BF0C3450013141F /* DoOrNot */ = {
			isa = PBXNativeTarget;
			buildConfigurationList = 3FABFE011BF0C3450013141F /* Build configuration list for PBXNativeTarget "DoOrNot" */;
			buildPhases = (
				3FABFDD51BF0C3450013141F /* Sources */,
				3FABFDD61BF0C3450013141F /* Frameworks */,
				3FABFDD71BF0C3450013141F /* Resources */,
			);
			buildRules = (
			);
			dependencies = (
			);
			name = DoOrNot;
			productName = DoOrNot;
			productReference = 3FABFDD91BF0C3450013141F /* DoOrNot.app */;
			productType = "com.apple.product-type.application";
		};
		3FABFDEC1BF0C3450013141F /* DoOrNotTests */ = {
			isa = PBXNativeTarget;
			buildConfigurationList = 3FABFE041BF0C3450013141F /* Build configuration list for PBXNativeTarget "DoOrNotTests" */;
			buildPhases = (
				3FABFDE91BF0C3450013141F /* Sources */,
				3FABFDEA1BF0C3450013141F /* Frameworks */,
				3FABFDEB1BF0C3450013141F /* Resources */,
			);
			buildRules = (
			);
			dependencies = (
				3FABFDEF1BF0C3450013141F /* PBXTargetDependency */,
			);
			name = DoOrNotTests;
			productName = DoOrNotTests;
			productReference = 3FABFDED1BF0C3450013141F /* DoOrNotTests.xctest */;
			productType = "com.apple.product-type.bundle.unit-test";
		};
		3FABFDF71BF0C3450013141F /* DoOrNotUITests */ = {
			isa = PBXNativeTarget;
			buildConfigurationList = 3FABFE071BF0C3450013141F /* Build configuration list for PBXNativeTarget "DoOrNotUITests" */;
			buildPhases = (
				3FABFDF41BF0C3450013141F /* Sources */,
				3FABFDF51BF0C3450013141F /* Frameworks */,
				3FABFDF61BF0C3450013141F /* Resources */,
			);
			buildRules = (
			);
			dependencies = (
				3FABFDFA1BF0C3450013141F /* PBXTargetDependency */,
			);
			name = DoOrNotUITests;
			productName = DoOrNotUITests;
			productReference = 3FABFDF81BF0C3450013141F /* DoOrNotUITests.xctest */;
			productType = "com.apple.product-type.bundle.ui-testing";
		};
/* End PBXNativeTarget section */

/* Begin PBXProject section */
		3FABFDD11BF0C3450013141F /* Project object */ = {
			isa = PBXProject;
			attributes = {
				LastSwiftUpdateCheck = 0710;
				LastUpgradeCheck = 0710;
				ORGANIZATIONNAME = "yusuke kimoto";
				TargetAttributes = {
					3FABFDD81BF0C3450013141F = {
						CreatedOnToolsVersion = 7.1;
						DevelopmentTeam = LW9GEZW843;
					};
					3FABFDEC1BF0C3450013141F = {
						CreatedOnToolsVersion = 7.1;
						TestTargetID = 3FABFDD81BF0C3450013141F;
					};
					3FABFDF71BF0C3450013141F = {
						CreatedOnToolsVersion = 7.1;
						TestTargetID = 3FABFDD81BF0C3450013141F;
					};
				};
			};
			buildConfigurationList = 3FABFDD41BF0C3450013141F /* Build configuration list for PBXProject "DoOrNot" */;
			compatibilityVersion = "Xcode 3.2";
			developmentRegion = English;
			hasScannedForEncodings = 0;
			knownRegions = (
				en,
				Base,
			);
			mainGroup = 3FABFDD01BF0C3450013141F;
			productRefGroup = 3FABFDDA1BF0C3450013141F /* Products */;
			projectDirPath = "";
			projectRoot = "";
			targets = (
				3FABFDD81BF0C3450013141F /* DoOrNot */,
				3FABFDEC1BF0C3450013141F /* DoOrNotTests */,
				3FABFDF71BF0C3450013141F /* DoOrNotUITests */,
			);
		};
/* End PBXProject section */

/* Begin PBXResourcesBuildPhase section */
		3FABFDD71BF0C3450013141F /* Resources */ = {
			isa = PBXResourcesBuildPhase;
			buildActionMask = 2147483647;
			files = (
				3FABFDE71BF0C3450013141F /* LaunchScreen.storyboard in Resources */,
				3FABFDE41BF0C3450013141F /* Assets.xcassets in Resources */,
				3FABFDE21BF0C3450013141F /* Main.storyboard in Resources */,
			);
			runOnlyForDeploymentPostprocessing = 0;
		};
		3FABFDEB1BF0C3450013141F /* Resources */ = {
			isa = PBXResourcesBuildPhase;
			buildActionMask = 2147483647;
			files = (
			);
			runOnlyForDeploymentPostprocessing = 0;
		};
		3FABFDF61BF0C3450013141F /* Resources */ = {
			isa = PBXResourcesBuildPhase;
			buildActionMask = 2147483647;
			files = (
			);
			runOnlyForDeploymentPostprocessing = 0;
		};
/* End PBXResourcesBuildPhase section */

/* Begin PBXSourcesBuildPhase section */
		3FABFDD51BF0C3450013141F /* Sources */ = {
			isa = PBXSourcesBuildPhase;
			buildActionMask = 2147483647;
			files = (
				3FABFDDF1BF0C3450013141F /* ViewController.swift in Sources */,
				3FABFDDD1BF0C3450013141F /* AppDelegate.swift in Sources */,
				3FABFE0B1BF0C4000013141F /* ResultViewController.swift in Sources */,
			);
			runOnlyForDeploymentPostprocessing = 0;
		};
		3FABFDE91BF0C3450013141F /* Sources */ = {
			isa = PBXSourcesBuildPhase;
			buildActionMask = 2147483647;
			files = (
				3FABFDF21BF0C3450013141F /* DoOrNotTests.swift in Sources */,
			);
			runOnlyForDeploymentPostprocessing = 0;
		};
		3FABFDF41BF0C3450013141F /* Sources */ = {
			isa = PBXSourcesBuildPhase;
			buildActionMask = 2147483647;
			files = (
				3FABFDFD1BF0C3450013141F /* DoOrNotUITests.swift in Sources */,
			);
			runOnlyForDeploymentPostprocessing = 0;
		};
/* End PBXSourcesBuildPhase section */

/* Begin PBXTargetDependency section */
		3FABFDEF1BF0C3450013141F /* PBXTargetDependency */ = {
			isa = PBXTargetDependency;
			target = 3FABFDD81BF0C3450013141F /* DoOrNot */;
			targetProxy = 3FABFDEE1BF0C3450013141F /* PBXContainerItemProxy */;
		};
		3FABFDFA1BF0C3450013141F /* PBXTargetDependency */ = {
			isa = PBXTargetDependency;
			target = 3FABFDD81BF0C3450013141F /* DoOrNot */;
			targetProxy = 3FABFDF91BF0C3450013141F /* PBXContainerItemProxy */;
		};
/* End PBXTargetDependency section */

/* Begin PBXVariantGroup section */
		3FABFDE01BF0C3450013141F /* Main.storyboard */ = {
			isa = PBXVariantGroup;
			children = (
				3FABFDE11BF0C3450013141F /* Base */,
			);
			name = Main.storyboard;
			sourceTree = "<group>";
		};
		3FABFDE51BF0C3450013141F /* LaunchScreen.storyboard */ = {
			isa = PBXVariantGroup;
			children = (
				3FABFDE61BF0C3450013141F /* Base */,
			);
			name = LaunchScreen.storyboard;
			sourceTree = "<group>";
		};
/* End PBXVariantGroup section */

/* Begin XCBuildConfiguration section */
		3FABFDFF1BF0C3450013141F /* Debug */ = {
			isa = XCBuildConfiguration;
			buildSettings = {
				ALWAYS_SEARCH_USER_PATHS = NO;
				CLANG_CXX_LANGUAGE_STANDARD = "gnu++0x";
				CLANG_CXX_LIBRARY = "libc++";
				CLANG_ENABLE_MODULES = YES;
				CLANG_ENABLE_OBJC_ARC = YES;
				CLANG_WARN_BOOL_CONVERSION = YES;
				CLANG_WARN_CONSTANT_CONVERSION = YES;
				CLANG_WARN_DIRECT_OBJC_ISA_USAGE = YES_ERROR;
				CLANG_WARN_EMPTY_BODY = YES;
				CLANG_WARN_ENUM_CONVERSION = YES;
				CLANG_WARN_INT_CONVERSION = YES;
				CLANG_WARN_OBJC_ROOT_CLASS = YES_ERROR;
				CLANG_WARN_UNREACHABLE_CODE = YES;
				CLANG_WARN__DUPLICATE_METHOD_MATCH = YES;
				"CODE_SIGN_IDENTITY[sdk=iphoneos*]" = "iPhone Developer";
				COPY_PHASE_STRIP = NO;
				DEBUG_INFORMATION_FORMAT = dwarf;
				ENABLE_STRICT_OBJC_MSGSEND = YES;
				ENABLE_TESTABILITY = YES;
				GCC_C_LANGUAGE_STANDARD = gnu99;
				GCC_DYNAMIC_NO_PIC = NO;
				GCC_NO_COMMON_BLOCKS = YES;
				GCC_OPTIMIZATION_LEVEL = 0;
				GCC_PREPROCESSOR_DEFINITIONS = (
					"DEBUG=1",
					"$(inherited)",
				);
				GCC_WARN_64_TO_32_BIT_CONVERSION = YES;
				GCC_WARN_ABOUT_RETURN_TYPE = YES_ERROR;
				GCC_WARN_UNDECLARED_SELECTOR = YES;
				GCC_WARN_UNINITIALIZED_AUTOS = YES_AGGRESSIVE;
				GCC_WARN_UNUSED_FUNCTION = YES;
				GCC_WARN_UNUSED_VARIABLE = YES;
				IPHONEOS_DEPLOYMENT_TARGET = 9.1;
				MTL_ENABLE_DEBUG_INFO = YES;
				ONLY_ACTIVE_ARCH = YES;
				SDKROOT = iphoneos;
				SWIFT_OPTIMIZATION_LEVEL = "-Onone";
				TARGETED_DEVICE_FAMILY = "1,2";
			};
			name = Debug;
		};
		3FABFE001BF0C3450013141F /* Release */ = {
			isa = XCBuildConfiguration;
			buildSettings = {
				ALWAYS_SEARCH_USER_PATHS = NO;
				CLANG_CXX_LANGUAGE_STANDARD = "gnu++0x";
				CLANG_CXX_LIBRARY = "libc++";
				CLANG_ENABLE_MODULES = YES;
				CLANG_ENABLE_OBJC_ARC = YES;
				CLANG_WARN_BOOL_CONVERSION = YES;
				CLANG_WARN_CONSTANT_CONVERSION = YES;
				CLANG_WARN_DIRECT_OBJC_ISA_USAGE = YES_ERROR;
				CLANG_WARN_EMPTY_BODY = YES;
				CLANG_WARN_ENUM_CONVERSION = YES;
				CLANG_WARN_INT_CONVERSION = YES;
				CLANG_WARN_OBJC_ROOT_CLASS = YES_ERROR;
				CLANG_WARN_UNREACHABLE_CODE = YES;
				CLANG_WARN__DUPLICATE_METHOD_MATCH = YES;
				"CODE_SIGN_IDENTITY[sdk=iphoneos*]" = "iPhone Developer";
				COPY_PHASE_STRIP = NO;
				DEBUG_INFORMATION_FORMAT = "dwarf-with-dsym";
				ENABLE_NS_ASSERTIONS = NO;
				ENABLE_STRICT_OBJC_MSGSEND = YES;
				GCC_C_LANGUAGE_STANDARD = gnu99;
				GCC_NO_COMMON_BLOCKS = YES;
				GCC_WARN_64_TO_32_BIT_CONVERSION = YES;
				GCC_WARN_ABOUT_RETURN_TYPE = YES_ERROR;
				GCC_WARN_UNDECLARED_SELECTOR = YES;
				GCC_WARN_UNINITIALIZED_AUTOS = YES_AGGRESSIVE;
				GCC_WARN_UNUSED_FUNCTION = YES;
				GCC_WARN_UNUSED_VARIABLE = YES;
				IPHONEOS_DEPLOYMENT_TARGET = 9.1;
				MTL_ENABLE_DEBUG_INFO = NO;
				SDKROOT = iphoneos;
				TARGETED_DEVICE_FAMILY = "1,2";
				VALIDATE_PRODUCT = YES;
			};
			name = Release;
		};
		3FABFE021BF0C3450013141F /* Debug */ = {
			isa = XCBuildConfiguration;
			buildSettings = {
				ASSETCATALOG_COMPILER_APPICON_NAME = AppIcon;
				CODE_SIGN_IDENTITY = "iPhone Developer";
				"CODE_SIGN_IDENTITY[sdk=iphoneos*]" = "iPhone Developer";
				INFOPLIST_FILE = DoOrNot/Info.plist;
				LD_RUNPATH_SEARCH_PATHS = "$(inherited) @executable_path/Frameworks";
				PRODUCT_BUNDLE_IDENTIFIER = com.yusukekimoto.DoOrNot;
				PRODUCT_NAME = "$(TARGET_NAME)";
				PROVISIONING_PROFILE = "";
			};
			name = Debug;
		};
		3FABFE031BF0C3450013141F /* Release */ = {
			isa = XCBuildConfiguration;
			buildSettings = {
				ASSETCATALOG_COMPILER_APPICON_NAME = AppIcon;
				CODE_SIGN_IDENTITY = "iPhone Developer";
				"CODE_SIGN_IDENTITY[sdk=iphoneos*]" = "iPhone Developer";
				INFOPLIST_FILE = DoOrNot/Info.plist;
				LD_RUNPATH_SEARCH_PATHS = "$(inherited) @executable_path/Frameworks";
				PRODUCT_BUNDLE_IDENTIFIER = com.yusukekimoto.DoOrNot;
				PRODUCT_NAME = "$(TARGET_NAME)";
				PROVISIONING_PROFILE = "";
			};
			name = Release;
		};
		3FABFE051BF0C3450013141F /* Debug */ = {
			isa = XCBuildConfiguration;
			buildSettings = {
				BUNDLE_LOADER = "$(TEST_HOST)";
				INFOPLIST_FILE = DoOrNotTests/Info.plist;
				LD_RUNPATH_SEARCH_PATHS = "$(inherited) @executable_path/Frameworks @loader_path/Frameworks";
				PRODUCT_BUNDLE_IDENTIFIER = com.yusukekimoto.DoOrNotTests;
				PRODUCT_NAME = "$(TARGET_NAME)";
				TEST_HOST = "$(BUILT_PRODUCTS_DIR)/DoOrNot.app/DoOrNot";
			};
			name = Debug;
		};
		3FABFE061BF0C3450013141F /* Release */ = {
			isa = XCBuildConfiguration;
			buildSettings = {
				BUNDLE_LOADER = "$(TEST_HOST)";
				INFOPLIST_FILE = DoOrNotTests/Info.plist;
				LD_RUNPATH_SEARCH_PATHS = "$(inherited) @executable_path/Frameworks @loader_path/Frameworks";
				PRODUCT_BUNDLE_IDENTIFIER = com.yusukekimoto.DoOrNotTests;
				PRODUCT_NAME = "$(TARGET_NAME)";
				TEST_HOST = "$(BUILT_PRODUCTS_DIR)/DoOrNot.app/DoOrNot";
			};
			name = Release;
		};
		3FABFE081BF0C3450013141F /* Debug */ = {
			isa = XCBuildConfiguration;
			buildSettings = {
				INFOPLIST_FILE = DoOrNotUITests/Info.plist;
				LD_RUNPATH_SEARCH_PATHS = "$(inherited) @executable_path/Frameworks @loader_path/Frameworks";
				PRODUCT_BUNDLE_IDENTIFIER = com.yusukekimoto.DoOrNotUITests;
				PRODUCT_NAME = "$(TARGET_NAME)";
				TEST_TARGET_NAME = DoOrNot;
				USES_XCTRUNNER = YES;
			};
			name = Debug;
		};
		3FABFE091BF0C3450013141F /* Release */ = {
			isa = XCBuildConfiguration;
			buildSettings = {
				INFOPLIST_FILE = DoOrNotUITests/Info.plist;
				LD_RUNPATH_SEARCH_PATHS = "$(inherited) @executable_path/Frameworks @loader_path/Frameworks";
				PRODUCT_BUNDLE_IDENTIFIER = com.yusukekimoto.DoOrNotUITests;
				PRODUCT_NAME = "$(TARGET_NAME)";
				TEST_TARGET_NAME = DoOrNot;
				USES_XCTRUNNER = YES;
			};
			name = Release;
		};
/* End XCBuildConfiguration section */

/* Begin XCConfigurationList section */
		3FABFDD41BF0C3450013141F /* Build configuration list for PBXProject "DoOrNot" */ = {
			isa = XCConfigurationList;
			buildConfigurations = (
				3FABFDFF1BF0C3450013141F /* Debug */,
				3FABFE001BF0C3450013141F /* Release */,
			);
			defaultConfigurationIsVisible = 0;
			defaultConfigurationName = Release;
		};
		3FABFE011BF0C3450013141F /* Build configuration list for PBXNativeTarget "DoOrNot" */ = {
			isa = XCConfigurationList;
			buildConfigurations = (
				3FABFE021BF0C3450013141F /* Debug */,
				3FABFE031BF0C3450013141F /* Release */,
			);
			defaultConfigurationIsVisible = 0;
			defaultConfigurationName = Release;
		};
		3FABFE041BF0C3450013141F /* Build configuration list for PBXNativeTarget "DoOrNotTests" */ = {
			isa = XCConfigurationList;
			buildConfigurations = (
				3FABFE051BF0C3450013141F /* Debug */,
				3FABFE061BF0C3450013141F /* Release */,
			);
			defaultConfigurationIsVisible = 0;
			defaultConfigurationName = Release;
		};
		3FABFE071BF0C3450013141F /* Build configuration list for PBXNativeTarget "DoOrNotUITests" */ = {
			isa = XCConfigurationList;
			buildConfigurations = (
				3FABFE081BF0C3450013141F /* Debug */,
				3FABFE091BF0C3450013141F /* Release */,
			);
			defaultConfigurationIsVisible = 0;
			defaultConfigurationName = Release;
		};
/* End XCConfigurationList section */
	};
	rootObject = 3FABFDD11BF0C3450013141F /* Project object */;
}
